{
   "modules" : {
      "Test::Fatal" : {
         "dist" : "Test-Fatal-0.010",
         "module" : "Test::Fatal",
         "mymeta" : {
            "abstract" : "incredibly simple helpers for testing code with exceptions",
            "author" : [
               "Ricardo Signes <rjbs@cpan.org>"
            ],
            "dynamic_config" : 0,
            "generated_by" : "Dist::Zilla version 4.300007, CPAN::Meta::Converter version 2.120351, CPAN::Meta::Converter version 2.113640",
            "license" : [
               "perl_5"
            ],
            "meta-spec" : {
               "url" : "http://search.cpan.org/perldoc?CPAN::Meta::Spec",
               "version" : "2"
            },
            "name" : "Test-Fatal",
            "prereqs" : {
               "build" : {
                  "requires" : {
                     "Test::Builder::Tester" : 0,
                     "Test::More" : "0.47",
                     "overload" : 0
                  }
               },
               "configure" : {
                  "requires" : {
                     "ExtUtils::MakeMaker" : "6.30"
                  }
               },
               "runtime" : {
                  "requires" : {
                     "Carp" : 0,
                     "Exporter" : "5.57",
                     "Test::Builder" : 0,
                     "Try::Tiny" : "0.07",
                     "strict" : 0,
                     "warnings" : 0
                  }
               }
            },
            "release_status" : "stable",
            "resources" : {
               "homepage" : "https://github.com/rjbs/test-fatal",
               "repository" : {
                  "url" : "https://github.com/rjbs/test-fatal.git"
               }
            },
            "version" : "0.010",
            "x_Dist_Zilla" : {
               "plugins" : [
                  {
                     "class" : "Dist::Zilla::Plugin::CheckPrereqsIndexed",
                     "name" : "@RJBS/CheckPrereqsIndexed",
                     "version" : "0.007"
                  },
                  {
                     "class" : "Dist::Zilla::Plugin::GatherDir",
                     "name" : "@RJBS/@Basic/GatherDir",
                     "version" : "4.300007"
                  },
                  {
                     "class" : "Dist::Zilla::Plugin::PruneCruft",
                     "name" : "@RJBS/@Basic/PruneCruft",
                     "version" : "4.300007"
                  },
                  {
                     "class" : "Dist::Zilla::Plugin::ManifestSkip",
                     "name" : "@RJBS/@Basic/ManifestSkip",
                     "version" : "4.300007"
                  },
                  {
                     "class" : "Dist::Zilla::Plugin::MetaYAML",
                     "name" : "@RJBS/@Basic/MetaYAML",
                     "version" : "4.300007"
                  },
                  {
                     "class" : "Dist::Zilla::Plugin::License",
                     "name" : "@RJBS/@Basic/License",
                     "version" : "4.300007"
                  },
                  {
                     "class" : "Dist::Zilla::Plugin::Readme",
                     "name" : "@RJBS/@Basic/Readme",
                     "version" : "4.300007"
                  },
                  {
                     "class" : "Dist::Zilla::Plugin::ExtraTests",
                     "name" : "@RJBS/@Basic/ExtraTests",
                     "version" : "4.300007"
                  },
                  {
                     "class" : "Dist::Zilla::Plugin::ExecDir",
                     "name" : "@RJBS/@Basic/ExecDir",
                     "version" : "4.300007"
                  },
                  {
                     "class" : "Dist::Zilla::Plugin::ShareDir",
                     "name" : "@RJBS/@Basic/ShareDir",
                     "version" : "4.300007"
                  },
                  {
                     "class" : "Dist::Zilla::Plugin::MakeMaker",
                     "name" : "@RJBS/@Basic/MakeMaker",
                     "version" : "4.300007"
                  },
                  {
                     "class" : "Dist::Zilla::Plugin::Manifest",
                     "name" : "@RJBS/@Basic/Manifest",
                     "version" : "4.300007"
                  },
                  {
                     "class" : "Dist::Zilla::Plugin::TestRelease",
                     "name" : "@RJBS/@Basic/TestRelease",
                     "version" : "4.300007"
                  },
                  {
                     "class" : "Dist::Zilla::Plugin::ConfirmRelease",
                     "name" : "@RJBS/@Basic/ConfirmRelease",
                     "version" : "4.300007"
                  },
                  {
                     "class" : "Dist::Zilla::Plugin::UploadToCPAN",
                     "name" : "@RJBS/@Basic/UploadToCPAN",
                     "version" : "4.300007"
                  },
                  {
                     "class" : "Dist::Zilla::Plugin::AutoPrereqs",
                     "name" : "@RJBS/AutoPrereqs",
                     "version" : "4.300007"
                  },
                  {
                     "class" : "Dist::Zilla::Plugin::Git::NextVersion",
                     "name" : "@RJBS/Git::NextVersion",
                     "version" : "1.120370"
                  },
                  {
                     "class" : "Dist::Zilla::Plugin::PkgVersion",
                     "name" : "@RJBS/PkgVersion",
                     "version" : "4.300007"
                  },
                  {
                     "class" : "Dist::Zilla::Plugin::MetaConfig",
                     "name" : "@RJBS/MetaConfig",
                     "version" : "4.300007"
                  },
                  {
                     "class" : "Dist::Zilla::Plugin::MetaJSON",
                     "name" : "@RJBS/MetaJSON",
                     "version" : "4.300007"
                  },
                  {
                     "class" : "Dist::Zilla::Plugin::NextRelease",
                     "name" : "@RJBS/NextRelease",
                     "version" : "4.300007"
                  },
                  {
                     "class" : "Dist::Zilla::Plugin::PodSyntaxTests",
                     "name" : "@RJBS/PodSyntaxTests",
                     "version" : "4.300007"
                  },
                  {
                     "class" : "Dist::Zilla::Plugin::Repository",
                     "name" : "@RJBS/Repository",
                     "version" : "0.18"
                  },
                  {
                     "class" : "Dist::Zilla::Plugin::Prereqs",
                     "config" : {
                        "Dist::Zilla::Plugin::Prereqs" : {
                           "phase" : "test",
                           "type" : "requires"
                        }
                     },
                     "name" : "@RJBS/TestMoreWithSubtests",
                     "version" : "4.300007"
                  },
                  {
                     "class" : "Dist::Zilla::Plugin::PodWeaver",
                     "name" : "@RJBS/PodWeaver",
                     "version" : "3.101641"
                  },
                  {
                     "class" : "Dist::Zilla::Plugin::GithubMeta",
                     "name" : "@RJBS/GithubMeta",
                     "version" : "0.28"
                  },
                  {
                     "class" : "Dist::Zilla::Plugin::Git::Check",
                     "name" : "@RJBS/@Git/Check",
                     "version" : "1.120370"
                  },
                  {
                     "class" : "Dist::Zilla::Plugin::Git::Commit",
                     "name" : "@RJBS/@Git/Commit",
                     "version" : "1.120370"
                  },
                  {
                     "class" : "Dist::Zilla::Plugin::Git::Tag",
                     "name" : "@RJBS/@Git/Tag",
                     "version" : "1.120370"
                  },
                  {
                     "class" : "Dist::Zilla::Plugin::Git::Push",
                     "name" : "@RJBS/@Git/Push",
                     "version" : "1.120370"
                  },
                  {
                     "class" : "Dist::Zilla::Plugin::RemovePrereqs",
                     "config" : {
                        "Dist::Zilla::Plugin::RemovePrereqs" : {
                           "modules_to_remove" : [
                              "Test::More"
                           ]
                        }
                     },
                     "name" : "RemovePrereqs",
                     "version" : "4.300007"
                  },
                  {
                     "class" : "Dist::Zilla::Plugin::Prereqs",
                     "config" : {
                        "Dist::Zilla::Plugin::Prereqs" : {
                           "phase" : "test",
                           "type" : "requires"
                        }
                     },
                     "name" : "TestRequires",
                     "version" : "4.300007"
                  },
                  {
                     "class" : "Dist::Zilla::Plugin::FinderCode",
                     "name" : ":InstallModules",
                     "version" : "4.300007"
                  },
                  {
                     "class" : "Dist::Zilla::Plugin::FinderCode",
                     "name" : ":IncModules",
                     "version" : "4.300007"
                  },
                  {
                     "class" : "Dist::Zilla::Plugin::FinderCode",
                     "name" : ":TestFiles",
                     "version" : "4.300007"
                  },
                  {
                     "class" : "Dist::Zilla::Plugin::FinderCode",
                     "name" : ":ExecFiles",
                     "version" : "4.300007"
                  },
                  {
                     "class" : "Dist::Zilla::Plugin::FinderCode",
                     "name" : ":ShareFiles",
                     "version" : "4.300007"
                  },
                  {
                     "class" : "Dist::Zilla::Plugin::FinderCode",
                     "name" : ":MainModule",
                     "version" : "4.300007"
                  }
               ],
               "zilla" : {
                  "class" : "Dist::Zilla::Dist::Builder",
                  "config" : {
                     "is_trial" : "0"
                  },
                  "version" : "4.300007"
               }
            }
         },
         "name" : "Test::Fatal",
         "pathname" : "R/RJ/RJBS/Test-Fatal-0.010.tar.gz",
         "provides" : {
            "Test::Fatal" : {
               "file" : "Test\\Fatal.pm",
               "version" : "0.010"
            }
         },
         "version" : "0.010"
      },
      "Try::Tiny" : {
         "dist" : "Try-Tiny-0.09",
         "module" : "DOY/Try-Tiny-0.09.tar.gz",
         "mymeta" : {
            "abstract" : "unknown",
            "author" : [
               "unknown"
            ],
            "dynamic_config" : 0,
            "generated_by" : "ExtUtils::MakeMaker version 6.56, CPAN::Meta::Converter version 2.113640",
            "license" : [
               "unknown"
            ],
            "meta-spec" : {
               "url" : "http://search.cpan.org/perldoc?CPAN::Meta::Spec",
               "version" : "2"
            },
            "name" : "Try-Tiny",
            "no_index" : {
               "directory" : [
                  "t",
                  "inc"
               ]
            },
            "prereqs" : {
               "build" : {
                  "requires" : {
                     "ExtUtils::MakeMaker" : 0
                  }
               },
               "configure" : {
                  "requires" : {
                     "ExtUtils::MakeMaker" : 0
                  }
               },
               "runtime" : {
                  "requires" : {
                     "Test::More" : 0
                  }
               }
            },
            "release_status" : "stable",
            "version" : "0.09"
         },
         "name" : "Try::Tiny",
         "pathname" : "D/DO/DOY/Try-Tiny-0.09.tar.gz",
         "provides" : {
            "DOY/Try-Tiny-0.09.tar.gz" : {},
            "Try::Tiny" : {
               "file" : "Try\\Tiny.pm",
               "version" : "0.09"
            }
         },
         "version" : "0.09"
      }
   },
   "version" : "0.9"
}
